
Microsoft Visual Studio Solution File, Format Version 12.00
# Visual Studio Version 17
VisualStudioVersion = 17.5.33530.505
MinimumVisualStudioVersion = 10.0.40219.1
Project("{2150E333-8FDC-42A3-9474-1A3956D46DE8}") = "tests", "tests", "{3BAE752C-D2A0-4E9C-8699-1A2C8438C49F}"
EndProject
Project("{2150E333-8FDC-42A3-9474-1A3956D46DE8}") = "src", "src", "{586C2CAA-FDE8-4619-BA6B-39403653B399}"
EndProject
Project("{2150E333-8FDC-42A3-9474-1A3956D46DE8}") = "Solution Items", "Solution Items", "{3A02A0F3-C529-4A7B-8EBB-5AC0D1C5CBAF}"
	ProjectSection(SolutionItems) = preProject
		README.md = README.md
	EndProjectSection
EndProject
Project("{9A19103F-16F7-4668-BE54-9A1E7A4F7556}") = "HeroesAndVillains.Infrastructure", "src\HeroesAndVillains.Infrastructure\HeroesAndVillains.Infrastructure.csproj", "{0E98D32E-DFD5-46E4-A2A8-D44A34198371}"
EndProject
Project("{9A19103F-16F7-4668-BE54-9A1E7A4F7556}") = "HeroesAndVillains.Api.SuperHero", "src\HeroesAndVillains.Api.SuperHero\HeroesAndVillains.Api.SuperHero.csproj", "{8C0BCC6A-2699-48D5-942E-9F8D6B4FA212}"
EndProject
Project("{9A19103F-16F7-4668-BE54-9A1E7A4F7556}") = "HeroesAndVillains.Domain", "src\HeroesAndVillains.Domain\HeroesAndVillains.Domain.csproj", "{CB79B0B3-DA1F-4E90-8919-4C5E7B10225E}"
EndProject
Project("{FAE04EC0-301F-11D3-BF4B-00C04F79EFBC}") = "HeroesAndVillains.Api.SuperHero.Tests.Integration", "tests\HeroesAndVillains.Api.SuperHero.Tests.Integration\HeroesAndVillains.Api.SuperHero.Tests.Integration.csproj", "{00958E42-6E6D-4213-AEA4-5D45528FFB37}"
EndProject
Project("{9A19103F-16F7-4668-BE54-9A1E7A4F7556}") = "HeroesAndVillains.Api.SuperHero.Tests.Api", "tests\HeroesAndVillains.Api.SuperHero.Tests.Api\HeroesAndVillains.Api.SuperHero.Tests.Api.csproj", "{9125CC89-4F54-4001-976F-43AA4A714817}"
EndProject
Project("{9A19103F-16F7-4668-BE54-9A1E7A4F7556}") = "HeroesAndVillains.Tests.Common", "tests\HeroesAndVillains.Api.SuperHero.Tests.Common\HeroesAndVillains.Tests.Common.csproj", "{AC1A4125-77A6-4DA3-A21C-C3126A1B77F2}"
EndProject
Project("{9A19103F-16F7-4668-BE54-9A1E7A4F7556}") = "HeroesAndVillains.Api.SuperHero.Tests.Unit", "tests\HeroesAndVillains.Api.SuperHero.Tests.Unit\HeroesAndVillains.Api.SuperHero.Tests.Unit.csproj", "{EB9FD183-22EB-4800-B3B7-BC5FAFFF056B}"
EndProject
Global
	GlobalSection(SolutionConfigurationPlatforms) = preSolution
		Debug|Any CPU = Debug|Any CPU
		Release|Any CPU = Release|Any CPU
	EndGlobalSection
	GlobalSection(ProjectConfigurationPlatforms) = postSolution
		{0E98D32E-DFD5-46E4-A2A8-D44A34198371}.Debug|Any CPU.ActiveCfg = Debug|Any CPU
		{0E98D32E-DFD5-46E4-A2A8-D44A34198371}.Debug|Any CPU.Build.0 = Debug|Any CPU
		{0E98D32E-DFD5-46E4-A2A8-D44A34198371}.Release|Any CPU.ActiveCfg = Release|Any CPU
		{0E98D32E-DFD5-46E4-A2A8-D44A34198371}.Release|Any CPU.Build.0 = Release|Any CPU
		{8C0BCC6A-2699-48D5-942E-9F8D6B4FA212}.Debug|Any CPU.ActiveCfg = Debug|Any CPU
		{8C0BCC6A-2699-48D5-942E-9F8D6B4FA212}.Debug|Any CPU.Build.0 = Debug|Any CPU
		{8C0BCC6A-2699-48D5-942E-9F8D6B4FA212}.Release|Any CPU.ActiveCfg = Release|Any CPU
		{8C0BCC6A-2699-48D5-942E-9F8D6B4FA212}.Release|Any CPU.Build.0 = Release|Any CPU
		{CB79B0B3-DA1F-4E90-8919-4C5E7B10225E}.Debug|Any CPU.ActiveCfg = Debug|Any CPU
		{CB79B0B3-DA1F-4E90-8919-4C5E7B10225E}.Debug|Any CPU.Build.0 = Debug|Any CPU
		{CB79B0B3-DA1F-4E90-8919-4C5E7B10225E}.Release|Any CPU.ActiveCfg = Release|Any CPU
		{CB79B0B3-DA1F-4E90-8919-4C5E7B10225E}.Release|Any CPU.Build.0 = Release|Any CPU
		{00958E42-6E6D-4213-AEA4-5D45528FFB37}.Debug|Any CPU.ActiveCfg = Debug|Any CPU
		{00958E42-6E6D-4213-AEA4-5D45528FFB37}.Debug|Any CPU.Build.0 = Debug|Any CPU
		{00958E42-6E6D-4213-AEA4-5D45528FFB37}.Release|Any CPU.ActiveCfg = Release|Any CPU
		{00958E42-6E6D-4213-AEA4-5D45528FFB37}.Release|Any CPU.Build.0 = Release|Any CPU
		{9125CC89-4F54-4001-976F-43AA4A714817}.Debug|Any CPU.ActiveCfg = Debug|Any CPU
		{9125CC89-4F54-4001-976F-43AA4A714817}.Debug|Any CPU.Build.0 = Debug|Any CPU
		{9125CC89-4F54-4001-976F-43AA4A714817}.Release|Any CPU.ActiveCfg = Release|Any CPU
		{9125CC89-4F54-4001-976F-43AA4A714817}.Release|Any CPU.Build.0 = Release|Any CPU
		{AC1A4125-77A6-4DA3-A21C-C3126A1B77F2}.Debug|Any CPU.ActiveCfg = Debug|Any CPU
		{AC1A4125-77A6-4DA3-A21C-C3126A1B77F2}.Debug|Any CPU.Build.0 = Debug|Any CPU
		{AC1A4125-77A6-4DA3-A21C-C3126A1B77F2}.Release|Any CPU.ActiveCfg = Release|Any CPU
		{AC1A4125-77A6-4DA3-A21C-C3126A1B77F2}.Release|Any CPU.Build.0 = Release|Any CPU
		{EB9FD183-22EB-4800-B3B7-BC5FAFFF056B}.Debug|Any CPU.ActiveCfg = Debug|Any CPU
		{EB9FD183-22EB-4800-B3B7-BC5FAFFF056B}.Debug|Any CPU.Build.0 = Debug|Any CPU
		{EB9FD183-22EB-4800-B3B7-BC5FAFFF056B}.Release|Any CPU.ActiveCfg = Release|Any CPU
		{EB9FD183-22EB-4800-B3B7-BC5FAFFF056B}.Release|Any CPU.Build.0 = Release|Any CPU
	EndGlobalSection
	GlobalSection(SolutionProperties) = preSolution
		HideSolutionNode = FALSE
	EndGlobalSection
	GlobalSection(NestedProjects) = preSolution
		{0E98D32E-DFD5-46E4-A2A8-D44A34198371} = {586C2CAA-FDE8-4619-BA6B-39403653B399}
		{8C0BCC6A-2699-48D5-942E-9F8D6B4FA212} = {586C2CAA-FDE8-4619-BA6B-39403653B399}
		{CB79B0B3-DA1F-4E90-8919-4C5E7B10225E} = {586C2CAA-FDE8-4619-BA6B-39403653B399}
		{00958E42-6E6D-4213-AEA4-5D45528FFB37} = {3BAE752C-D2A0-4E9C-8699-1A2C8438C49F}
		{9125CC89-4F54-4001-976F-43AA4A714817} = {3BAE752C-D2A0-4E9C-8699-1A2C8438C49F}
		{AC1A4125-77A6-4DA3-A21C-C3126A1B77F2} = {3BAE752C-D2A0-4E9C-8699-1A2C8438C49F}
		{EB9FD183-22EB-4800-B3B7-BC5FAFFF056B} = {3BAE752C-D2A0-4E9C-8699-1A2C8438C49F}
	EndGlobalSection
	GlobalSection(ExtensibilityGlobals) = postSolution
		SolutionGuid = {8107268E-B2ED-4756-9C01-B3BE39BB887C}
	EndGlobalSection
EndGlobal
