
Microsoft Visual Studio Solution File, Format Version 12.00
# Visual Studio Version 17
VisualStudioVersion = 17.5.33530.505
MinimumVisualStudioVersion = 10.0.40219.1
Project("{2150E333-8FDC-42A3-9474-1A3956D46DE8}") = "tests", "tests", "{3BAE752C-D2A0-4E9C-8699-1A2C8438C49F}"
EndProject
Project("{2150E333-8FDC-42A3-9474-1A3956D46DE8}") = "src", "src", "{586C2CAA-FDE8-4619-BA6B-39403653B399}"
EndProject
Project("{9A19103F-16F7-4668-BE54-9A1E7A4F7556}") = "SuperHeroApi", "src\SuperHeroApi\SuperHeroApi.csproj", "{77A0A14B-1207-4D4A-A1D9-EE1E8A61E879}"
EndProject
Global
	GlobalSection(SolutionConfigurationPlatforms) = preSolution
		Debug|Any CPU = Debug|Any CPU
		Release|Any CPU = Release|Any CPU
	EndGlobalSection
	GlobalSection(ProjectConfigurationPlatforms) = postSolution
		{77A0A14B-1207-4D4A-A1D9-EE1E8A61E879}.Debug|Any CPU.ActiveCfg = Debug|Any CPU
		{77A0A14B-1207-4D4A-A1D9-EE1E8A61E879}.Debug|Any CPU.Build.0 = Debug|Any CPU
		{77A0A14B-1207-4D4A-A1D9-EE1E8A61E879}.Release|Any CPU.ActiveCfg = Release|Any CPU
		{77A0A14B-1207-4D4A-A1D9-EE1E8A61E879}.Release|Any CPU.Build.0 = Release|Any CPU
	EndGlobalSection
	GlobalSection(SolutionProperties) = preSolution
		HideSolutionNode = FALSE
	EndGlobalSection
	GlobalSection(NestedProjects) = preSolution
		{77A0A14B-1207-4D4A-A1D9-EE1E8A61E879} = {586C2CAA-FDE8-4619-BA6B-39403653B399}
	EndGlobalSection
	GlobalSection(ExtensibilityGlobals) = postSolution
		SolutionGuid = {8107268E-B2ED-4756-9C01-B3BE39BB887C}
	EndGlobalSection
EndGlobal
